// !$*UTF8*$!
{
	archiveVersion = 1;
	classes = {
	};
	objectVersion = 50;
	objects = {

/* Begin PBXBuildFile section */
		064E601521A7D9D800602C5E /* AppDelegate.m in Sources */ = {isa = PBXBuildFile; fileRef = 064E601421A7D9D800602C5E /* AppDelegate.m */; };
		064E601821A7D9D800602C5E /* ViewController.m in Sources */ = {isa = PBXBuildFile; fileRef = 064E601721A7D9D800602C5E /* ViewController.m */; };
		064E601B21A7D9D800602C5E /* Main.storyboard in Resources */ = {isa = PBXBuildFile; fileRef = 064E601921A7D9D800602C5E /* Main.storyboard */; };
		064E601D21A7D9DA00602C5E /* Assets.xcassets in Resources */ = {isa = PBXBuildFile; fileRef = 064E601C21A7D9DA00602C5E /* Assets.xcassets */; };
		064E602021A7D9DA00602C5E /* LaunchScreen.storyboard in Resources */ = {isa = PBXBuildFile; fileRef = 064E601E21A7D9DA00602C5E /* LaunchScreen.storyboard */; };
		064E602321A7D9DA00602C5E /* main.m in Sources */ = {isa = PBXBuildFile; fileRef = 064E602221A7D9DA00602C5E /* main.m */; };
/* End PBXBuildFile section */

/* Begin PBXFileReference section */
		064E601021A7D9D800602C5E /* OCBaseViewController.app */ = {isa = PBXFileReference; explicitFileType = wrapper.application; includeInIndex = 0; path = OCBaseViewController.app; sourceTree = BUILT_PRODUCTS_DIR; };
		064E601321A7D9D800602C5E /* AppDelegate.h */ = {isa = PBXFileReference; lastKnownFileType = sourcecode.c.h; path = AppDelegate.h; sourceTree = "<group>"; };
		064E601421A7D9D800602C5E /* AppDelegate.m */ = {isa = PBXFileReference; lastKnownFileType = sourcecode.c.objc; path = AppDelegate.m; sourceTree = "<group>"; };
		064E601621A7D9D800602C5E /* ViewController.h */ = {isa = PBXFileReference; lastKnownFileType = sourcecode.c.h; path = ViewController.h; sourceTree = "<group>"; };
		064E601721A7D9D800602C5E /* ViewController.m */ = {isa = PBXFileReference; lastKnownFileType = sourcecode.c.objc; path = ViewController.m; sourceTree = "<group>"; };
		064E601A21A7D9D800602C5E /* Base */ = {isa = PBXFileReference; lastKnownFileType = file.storyboard; name = Base; path = Base.lproj/Main.storyboard; sourceTree = "<group>"; };
		064E601C21A7D9DA00602C5E /* Assets.xcassets */ = {isa = PBXFileReference; lastKnownFileType = folder.assetcatalog; path = Assets.xcassets; sourceTree = "<group>"; };
		064E601F21A7D9DA00602C5E /* Base */ = {isa = PBXFileReference; lastKnownFileType = file.storyboard; name = Base; path = Base.lproj/LaunchScreen.storyboard; sourceTree = "<group>"; };
		064E602121A7D9DA00602C5E /* Info.plist */ = {isa = PBXFileReference; lastKnownFileType = text.plist.xml; path = Info.plist; sourceTree = "<group>"; };
		064E602221A7D9DA00602C5E /* main.m */ = {isa = PBXFileReference; lastKnownFileType = sourcecode.c.objc; path = main.m; sourceTree = "<group>"; };
/* End PBXFileReference section */

/* Begin PBXFrameworksBuildPhase section */
		064E600D21A7D9D700602C5E /* Frameworks */ = {
			isa = PBXFrameworksBuildPhase;
			buildActionMask = 2147483647;
			files = (
			);
			runOnlyForDeploymentPostprocessing = 0;
		};
/* End PBXFrameworksBuildPhase section */

/* Begin PBXGroup section */
		064E600721A7D9D700602C5E = {
			isa = PBXGroup;
			children = (
				064E601221A7D9D800602C5E /* OCBaseViewController */,
				064E601121A7D9D800602C5E /* Products */,
			);
			sourceTree = "<group>";
		};
		064E601121A7D9D800602C5E /* Products */ = {
			isa = PBXGroup;
			children = (
				064E601021A7D9D800602C5E /* OCBaseViewController.app */,
			);
			name = Products;
			sourceTree = "<group>";
		};
		064E601221A7D9D800602C5E /* OCBaseViewController */ = {
			isa = PBXGroup;
			children = (
				064E601321A7D9D800602C5E /* AppDelegate.h */,
				064E601421A7D9D800602C5E /* AppDelegate.m */,
				064E601621A7D9D800602C5E /* ViewController.h */,
				064E601721A7D9D800602C5E /* ViewController.m */,
				064E601921A7D9D800602C5E /* Main.storyboard */,
				064E601C21A7D9DA00602C5E /* Assets.xcassets */,
				064E601E21A7D9DA00602C5E /* LaunchScreen.storyboard */,
				064E602121A7D9DA00602C5E /* Info.plist */,
				064E602221A7D9DA00602C5E /* main.m */,
			);
			path = OCBaseViewController;
			sourceTree = "<group>";
		};
/* End PBXGroup section */

/* Begin PBXNativeTarget section */
		064E600F21A7D9D700602C5E /* OCBaseViewController */ = {
			isa = PBXNativeTarget;
			buildConfigurationList = 064E602621A7D9DA00602C5E /* Build configuration list for PBXNativeTarget "OCBaseViewController" */;
			buildPhases = (
				064E600C21A7D9D700602C5E /* Sources */,
				064E600D21A7D9D700602C5E /* Frameworks */,
				064E600E21A7D9D700602C5E /* Resources */,
			);
			buildRules = (
			);
			dependencies = (
			);
			name = OCBaseViewController;
			productName = OCBaseViewController;
			productReference = 064E601021A7D9D800602C5E /* OCBaseViewController.app */;
			productType = "com.apple.product-type.application";
		};
/* End PBXNativeTarget section */

/* Begin PBXProject section */
		064E600821A7D9D700602C5E /* Project object */ = {
			isa = PBXProject;
			attributes = {
				LastUpgradeCheck = 1010;
				ORGANIZATIONNAME = Brooks;
				TargetAttributes = {
					064E600F21A7D9D700602C5E = {
						CreatedOnToolsVersion = 10.1;
					};
				};
			};
			buildConfigurationList = 064E600B21A7D9D700602C5E /* Build configuration list for PBXProject "OCBaseViewController" */;
			compatibilityVersion = "Xcode 9.3";
			developmentRegion = en;
			hasScannedForEncodings = 0;
			knownRegions = (
				en,
				Base,
			);
			mainGroup = 064E600721A7D9D700602C5E;
			productRefGroup = 064E601121A7D9D800602C5E /* Products */;
			projectDirPath = "";
			projectRoot = "";
			targets = (
				064E600F21A7D9D700602C5E /* OCBaseViewController */,
			);
		};
/* End PBXProject section */

/* Begin PBXResourcesBuildPhase section */
		064E600E21A7D9D700602C5E /* Resources */ = {
			isa = PBXResourcesBuildPhase;
			buildActionMask = 2147483647;
			files = (
				064E602021A7D9DA00602C5E /* LaunchScreen.storyboard in Resources */,
				064E601D21A7D9DA00602C5E /* Assets.xcassets in Resources */,
				064E601B21A7D9D800602C5E /* Main.storyboard in Resources */,
			);
			runOnlyForDeploymentPostprocessing = 0;
		};
/* End PBXResourcesBuildPhase section */

/* Begin PBXSourcesBuildPhase section */
		064E600C21A7D9D700602C5E /* Sources */ = {
			isa = PBXSourcesBuildPhase;
			buildActionMask = 2147483647;
			files = (
				064E601821A7D9D800602C5E /* ViewController.m in Sources */,
				064E602321A7D9DA00602C5E /* main.m in Sources */,
				064E601521A7D9D800602C5E /* AppDelegate.m in Sources */,
			);
			runOnlyForDeploymentPostprocessing = 0;
		};
/* End PBXSourcesBuildPhase section */

/* Begin PBXVariantGroup section */
		064E601921A7D9D800602C5E /* Main.storyboard */ = {
			isa = PBXVariantGroup;
			children = (
				064E601A21A7D9D800602C5E /* Base */,
			);
			name = Main.storyboard;
			sourceTree = "<group>";
		};
		064E601E21A7D9DA00602C5E /* LaunchScreen.storyboard */ = {
			isa = PBXVariantGroup;
			children = (
				064E601F21A7D9DA00602C5E /* Base */,
			);
			name = LaunchScreen.storyboard;
			sourceTree = "<group>";
		};
/* End PBXVariantGroup section */

/* Begin XCBuildConfiguration section */
		064E602421A7D9DA00602C5E /* Debug */ = {
			isa = XCBuildConfiguration;
			buildSettings = {
				ALWAYS_SEARCH_USER_PATHS = NO;
				CLANG_ANALYZER_NONNULL = YES;
				CLANG_ANALYZER_NUMBER_OBJECT_CONVERSION = YES_AGGRESSIVE;
				CLANG_CXX_LANGUAGE_STANDARD = "gnu++14";
				CLANG_CXX_LIBRARY = "libc++";
				CLANG_ENABLE_MODULES = YES;
				CLANG_ENABLE_OBJC_ARC = YES;
				CLANG_ENABLE_OBJC_WEAK = YES;
				CLANG_WARN_BLOCK_CAPTURE_AUTORELEASING = YES;
				CLANG_WARN_BOOL_CONVERSION = YES;
				CLANG_WARN_COMMA = YES;
				CLANG_WARN_CONSTANT_CONVERSION = YES;
				CLANG_WARN_DEPRECATED_OBJC_IMPLEMENTATIONS = YES;
				CLANG_WARN_DIRECT_OBJC_ISA_USAGE = YES_ERROR;
				CLANG_WARN_DOCUMENTATION_COMMENTS = YES;
				CLANG_WARN_EMPTY_BODY = YES;
				CLANG_WARN_ENUM_CONVERSION = YES;
				CLANG_WARN_INFINITE_RECURSION = YES;
				CLANG_WARN_INT_CONVERSION = YES;
				CLANG_WARN_NON_LITERAL_NULL_CONVERSION = YES;
				CLANG_WARN_OBJC_IMPLICIT_RETAIN_SELF = YES;
				CLANG_WARN_OBJC_LITERAL_CONVERSION = YES;
				CLANG_WARN_OBJC_ROOT_CLASS = YES_ERROR;
				CLANG_WARN_RANGE_LOOP_ANALYSIS = YES;
				CLANG_WARN_STRICT_PROTOTYPES = YES;
				CLANG_WARN_SUSPICIOUS_MOVE = YES;
				CLANG_WARN_UNGUARDED_AVAILABILITY = YES_AGGRESSIVE;
				CLANG_WARN_UNREACHABLE_CODE = YES;
				CLANG_WARN__DUPLICATE_METHOD_MATCH = YES;
				CODE_SIGN_IDENTITY = "iPhone Developer";
				COPY_PHASE_STRIP = NO;
				DEBUG_INFORMATION_FORMAT = dwarf;
				ENABLE_STRICT_OBJC_MSGSEND = YES;
				ENABLE_TESTABILITY = YES;
				GCC_C_LANGUAGE_STANDARD = gnu11;
				GCC_DYNAMIC_NO_PIC = NO;
				GCC_NO_COMMON_BLOCKS = YES;
				GCC_OPTIMIZATION_LEVEL = 0;
				GCC_PREPROCESSOR_DEFINITIONS = (
					"DEBUG=1",
					"$(inherited)",
				);
				GCC_WARN_64_TO_32_BIT_CONVERSION = YES;
				GCC_WARN_ABOUT_RETURN_TYPE = YES_ERROR;
				GCC_WARN_UNDECLARED_SELECTOR = YES;
				GCC_WARN_UNINITIALIZED_AUTOS = YES_AGGRESSIVE;
				GCC_WARN_UNUSED_FUNCTION = YES;
				GCC_WARN_UNUSED_VARIABLE = YES;
				IPHONEOS_DEPLOYMENT_TARGET = 12.1;
				MTL_ENABLE_DEBUG_INFO = INCLUDE_SOURCE;
				MTL_FAST_MATH = YES;
				ONLY_ACTIVE_ARCH = YES;
				SDKROOT = iphoneos;
			};
			name = Debug;
		};
		064E602521A7D9DA00602C5E /* Release */ = {
			isa = XCBuildConfiguration;
			buildSettings = {
				ALWAYS_SEARCH_USER_PATHS = NO;
				CLANG_ANALYZER_NONNULL = YES;
				CLANG_ANALYZER_NUMBER_OBJECT_CONVERSION = YES_AGGRESSIVE;
				CLANG_CXX_LANGUAGE_STANDARD = "gnu++14";
				CLANG_CXX_LIBRARY = "libc++";
				CLANG_ENABLE_MODULES = YES;
				CLANG_ENABLE_OBJC_ARC = YES;
				CLANG_ENABLE_OBJC_WEAK = YES;
				CLANG_WARN_BLOCK_CAPTURE_AUTORELEASING = YES;
				CLANG_WARN_BOOL_CONVERSION = YES;
				CLANG_WARN_COMMA = YES;
				CLANG_WARN_CONSTANT_CONVERSION = YES;
				CLANG_WARN_DEPRECATED_OBJC_IMPLEMENTATIONS = YES;
				CLANG_WARN_DIRECT_OBJC_ISA_USAGE = YES_ERROR;
				CLANG_WARN_DOCUMENTATION_COMMENTS = YES;
				CLANG_WARN_EMPTY_BODY = YES;
				CLANG_WARN_ENUM_CONVERSION = YES;
				CLANG_WARN_INFINITE_RECURSION = YES;
				CLANG_WARN_INT_CONVERSION = YES;
				CLANG_WARN_NON_LITERAL_NULL_CONVERSION = YES;
				CLANG_WARN_OBJC_IMPLICIT_RETAIN_SELF = YES;
				CLANG_WARN_OBJC_LITERAL_CONVERSION = YES;
				CLANG_WARN_OBJC_ROOT_CLASS = YES_ERROR;
				CLANG_WARN_RANGE_LOOP_ANALYSIS = YES;
				CLANG_WARN_STRICT_PROTOTYPES = YES;
				CLANG_WARN_SUSPICIOUS_MOVE = YES;
				CLANG_WARN_UNGUARDED_AVAILABILITY = YES_AGGRESSIVE;
				CLANG_WARN_UNREACHABLE_CODE = YES;
				CLANG_WARN__DUPLICATE_METHOD_MATCH = YES;
				CODE_SIGN_IDENTITY = "iPhone Developer";
				COPY_PHASE_STRIP = NO;
				DEBUG_INFORMATION_FORMAT = "dwarf-with-dsym";
				ENABLE_NS_ASSERTIONS = NO;
				ENABLE_STRICT_OBJC_MSGSEND = YES;
				GCC_C_LANGUAGE_STANDARD = gnu11;
				GCC_NO_COMMON_BLOCKS = YES;
				GCC_WARN_64_TO_32_BIT_CONVERSION = YES;
				GCC_WARN_ABOUT_RETURN_TYPE = YES_ERROR;
				GCC_WARN_UNDECLARED_SELECTOR = YES;
				GCC_WARN_UNINITIALIZED_AUTOS = YES_AGGRESSIVE;
				GCC_WARN_UNUSED_FUNCTION = YES;
				GCC_WARN_UNUSED_VARIABLE = YES;
				IPHONEOS_DEPLOYMENT_TARGET = 12.1;
				MTL_ENABLE_DEBUG_INFO = NO;
				MTL_FAST_MATH = YES;
				SDKROOT = iphoneos;
				VALIDATE_PRODUCT = YES;
			};
			name = Release;
		};
		064E602721A7D9DA00602C5E /* Debug */ = {
			isa = XCBuildConfiguration;
			buildSettings = {
				ASSETCATALOG_COMPILER_APPICON_NAME = AppIcon;
				CODE_SIGN_STYLE = Automatic;
				DEVELOPMENT_TEAM = P4XJ3J29UK;
				INFOPLIST_FILE = OCBaseViewController/Info.plist;
				LD_RUNPATH_SEARCH_PATHS = (
					"$(inherited)",
					"@executable_path/Frameworks",
				);
				PRODUCT_BUNDLE_IDENTIFIER = com.soul.test.OCBaseViewController;
				PRODUCT_NAME = "$(TARGET_NAME)";
				TARGETED_DEVICE_FAMILY = "1,2";
			};
			name = Debug;
		};
		064E602821A7D9DA00602C5E /* Release */ = {
			isa = XCBuildConfiguration;
			buildSettings = {
				ASSETCATALOG_COMPILER_APPICON_NAME = AppIcon;
				CODE_SIGN_STYLE = Automatic;
				DEVELOPMENT_TEAM = P4XJ3J29UK;
				INFOPLIST_FILE = OCBaseViewController/Info.plist;
				LD_RUNPATH_SEARCH_PATHS = (
					"$(inherited)",
					"@executable_path/Frameworks",
				);
				PRODUCT_BUNDLE_IDENTIFIER = com.soul.test.OCBaseViewController;
				PRODUCT_NAME = "$(TARGET_NAME)";
				TARGETED_DEVICE_FAMILY = "1,2";
			};
			name = Release;
		};
/* End XCBuildConfiguration section */

/* Begin XCConfigurationList section */
		064E600B21A7D9D700602C5E /* Build configuration list for PBXProject "OCBaseViewController" */ = {
			isa = XCConfigurationList;
			buildConfigurations = (
				064E602421A7D9DA00602C5E /* Debug */,
				064E602521A7D9DA00602C5E /* Release */,
			);
			defaultConfigurationIsVisible = 0;
			defaultConfigurationName = Release;
		};
		064E602621A7D9DA00602C5E /* Build configuration list for PBXNativeTarget "OCBaseViewController" */ = {
			isa = XCConfigurationList;
			buildConfigurations = (
				064E602721A7D9DA00602C5E /* Debug */,
				064E602821A7D9DA00602C5E /* Release */,
			);
			defaultConfigurationIsVisible = 0;
			defaultConfigurationName = Release;
		};
/* End XCConfigurationList section */
	};
	rootObject = 064E600821A7D9D700602C5E /* Project object */;
}
